
Microsoft Visual Studio Solution File, Format Version 12.00
# Visual Studio Version 17
VisualStudioVersion = 17.4.33213.308
MinimumVisualStudioVersion = 10.0.40219.1
Project("{FAE04EC0-301F-11D3-BF4B-00C04F79EFBC}") = "temperature-converter-app", "temperature-converter-app\temperature-converter-app.csproj", "{CCD23EA5-1860-49A5-8978-FA4DBC3D720C}"
EndProject
Global
	GlobalSection(SolutionConfigurationPlatforms) = preSolution
		Debug|Any CPU = Debug|Any CPU
		Release|Any CPU = Release|Any CPU
	EndGlobalSection
	GlobalSection(ProjectConfigurationPlatforms) = postSolution
		{CCD23EA5-1860-49A5-8978-FA4DBC3D720C}.Debug|Any CPU.ActiveCfg = Debug|Any CPU
		{CCD23EA5-1860-49A5-8978-FA4DBC3D720C}.Debug|Any CPU.Build.0 = Debug|Any CPU
		{CCD23EA5-1860-49A5-8978-FA4DBC3D720C}.Release|Any CPU.ActiveCfg = Release|Any CPU
		{CCD23EA5-1860-49A5-8978-FA4DBC3D720C}.Release|Any CPU.Build.0 = Release|Any CPU
	EndGlobalSection
	GlobalSection(SolutionProperties) = preSolution
		HideSolutionNode = FALSE
	EndGlobalSection
	GlobalSection(ExtensibilityGlobals) = postSolution
		SolutionGuid = {C8ED9EEC-DFD4-471B-A07F-AE0256E14722}
	EndGlobalSection
EndGlobal
