
Microsoft Visual Studio Solution File, Format Version 12.00
# Visual Studio Version 16
VisualStudioVersion = 16.0.31129.286
MinimumVisualStudioVersion = 10.0.40219.1
Project("{FAE04EC0-301F-11D3-BF4B-00C04F79EFBC}") = "temperature-converter-app-ef-core", "temperature-converter-app-ef-core\temperature-converter-app-ef-core.csproj", "{310969EA-5E88-4725-A640-659FC2283B09}"
EndProject
Global
	GlobalSection(SolutionConfigurationPlatforms) = preSolution
		Debug|Any CPU = Debug|Any CPU
		Release|Any CPU = Release|Any CPU
	EndGlobalSection
	GlobalSection(ProjectConfigurationPlatforms) = postSolution
		{310969EA-5E88-4725-A640-659FC2283B09}.Debug|Any CPU.ActiveCfg = Debug|Any CPU
		{310969EA-5E88-4725-A640-659FC2283B09}.Debug|Any CPU.Build.0 = Debug|Any CPU
		{310969EA-5E88-4725-A640-659FC2283B09}.Release|Any CPU.ActiveCfg = Release|Any CPU
		{310969EA-5E88-4725-A640-659FC2283B09}.Release|Any CPU.Build.0 = Release|Any CPU
	EndGlobalSection
	GlobalSection(SolutionProperties) = preSolution
		HideSolutionNode = FALSE
	EndGlobalSection
	GlobalSection(ExtensibilityGlobals) = postSolution
		SolutionGuid = {A4D21DBC-F965-4749-B20B-262E6AC45920}
	EndGlobalSection
EndGlobal
