
Microsoft Visual Studio Solution File, Format Version 12.00
# Visual Studio Version 17
VisualStudioVersion = 17.4.33213.308
MinimumVisualStudioVersion = 10.0.40219.1
Project("{FAE04EC0-301F-11D3-BF4B-00C04F79EFBC}") = "book-manager-app", "book-manager-app\book-manager-app.csproj", "{055557A1-CEBC-43E3-8873-E1340CDEB59C}"
EndProject
Global
	GlobalSection(SolutionConfigurationPlatforms) = preSolution
		Debug|Any CPU = Debug|Any CPU
		Release|Any CPU = Release|Any CPU
	EndGlobalSection
	GlobalSection(ProjectConfigurationPlatforms) = postSolution
		{055557A1-CEBC-43E3-8873-E1340CDEB59C}.Debug|Any CPU.ActiveCfg = Debug|Any CPU
		{055557A1-CEBC-43E3-8873-E1340CDEB59C}.Debug|Any CPU.Build.0 = Debug|Any CPU
		{055557A1-CEBC-43E3-8873-E1340CDEB59C}.Release|Any CPU.ActiveCfg = Release|Any CPU
		{055557A1-CEBC-43E3-8873-E1340CDEB59C}.Release|Any CPU.Build.0 = Release|Any CPU
	EndGlobalSection
	GlobalSection(SolutionProperties) = preSolution
		HideSolutionNode = FALSE
	EndGlobalSection
	GlobalSection(ExtensibilityGlobals) = postSolution
		SolutionGuid = {752231B8-B433-4AA4-B170-6F8848CE5CA9}
	EndGlobalSection
EndGlobal
